// !$*UTF8*$!
{
	archiveVersion = 1;
	classes = {
	};
	objectVersion = 56;
	objects = {

/* Begin PBXBuildFile section */
		3186E4102960703000AD41C7 /* ToDoListAppApp.swift in Sources */ = {isa = PBXBuildFile; fileRef = 3186E40F2960703000AD41C7 /* ToDoListAppApp.swift */; };
		3186E4122960703000AD41C7 /* TaskListView.swift in Sources */ = {isa = PBXBuildFile; fileRef = 3186E4112960703000AD41C7 /* TaskListView.swift */; };
		3186E4142960703200AD41C7 /* Assets.xcassets in Resources */ = {isa = PBXBuildFile; fileRef = 3186E4132960703200AD41C7 /* Assets.xcassets */; };
		3186E4172960703200AD41C7 /* Preview Assets.xcassets in Resources */ = {isa = PBXBuildFile; fileRef = 3186E4162960703200AD41C7 /* Preview Assets.xcassets */; };
		3186E4192960703200AD41C7 /* Persistence.swift in Sources */ = {isa = PBXBuildFile; fileRef = 3186E4182960703200AD41C7 /* Persistence.swift */; };
		3186E41C2960703200AD41C7 /* ToDoListApp.xcdatamodeld in Sources */ = {isa = PBXBuildFile; fileRef = 3186E41A2960703200AD41C7 /* ToDoListApp.xcdatamodeld */; };
		3186E4242960738900AD41C7 /* FloatingButton.swift in Sources */ = {isa = PBXBuildFile; fileRef = 3186E4232960738900AD41C7 /* FloatingButton.swift */; };
		3186E427296073F000AD41C7 /* TaskEditView.swift in Sources */ = {isa = PBXBuildFile; fileRef = 3186E426296073F000AD41C7 /* TaskEditView.swift */; };
		3186E4292960941400AD41C7 /* DateHolder.swift in Sources */ = {isa = PBXBuildFile; fileRef = 3186E4282960941400AD41C7 /* DateHolder.swift */; };
		3186E42B2960992D00AD41C7 /* TaskCell.swift in Sources */ = {isa = PBXBuildFile; fileRef = 3186E42A2960992D00AD41C7 /* TaskCell.swift */; };
		3186E42D29609CFF00AD41C7 /* CheckBoxView.swift in Sources */ = {isa = PBXBuildFile; fileRef = 3186E42C29609CFF00AD41C7 /* CheckBoxView.swift */; };
		3186E43229609E5E00AD41C7 /* TaskItemExtension.swift in Sources */ = {isa = PBXBuildFile; fileRef = 3186E43129609E5E00AD41C7 /* TaskItemExtension.swift */; };
		3186E4342960B43500AD41C7 /* DateScroller.swift in Sources */ = {isa = PBXBuildFile; fileRef = 3186E4332960B43500AD41C7 /* DateScroller.swift */; };
		3186E4362960C15D00AD41C7 /* TaskFilter.swift in Sources */ = {isa = PBXBuildFile; fileRef = 3186E4352960C15D00AD41C7 /* TaskFilter.swift */; };
		3186E4382960E9A200AD41C7 /* Launch Screen.storyboard in Resources */ = {isa = PBXBuildFile; fileRef = 3186E4372960E9A200AD41C7 /* Launch Screen.storyboard */; };
/* End PBXBuildFile section */

/* Begin PBXFileReference section */
		3186E40C2960703000AD41C7 /* Do-Do-Day.app */ = {isa = PBXFileReference; explicitFileType = wrapper.application; includeInIndex = 0; path = "Do-Do-Day.app"; sourceTree = BUILT_PRODUCTS_DIR; };
		3186E40F2960703000AD41C7 /* ToDoListAppApp.swift */ = {isa = PBXFileReference; lastKnownFileType = sourcecode.swift; path = ToDoListAppApp.swift; sourceTree = "<group>"; };
		3186E4112960703000AD41C7 /* TaskListView.swift */ = {isa = PBXFileReference; lastKnownFileType = sourcecode.swift; path = TaskListView.swift; sourceTree = "<group>"; };
		3186E4132960703200AD41C7 /* Assets.xcassets */ = {isa = PBXFileReference; lastKnownFileType = folder.assetcatalog; path = Assets.xcassets; sourceTree = "<group>"; };
		3186E4162960703200AD41C7 /* Preview Assets.xcassets */ = {isa = PBXFileReference; lastKnownFileType = folder.assetcatalog; path = "Preview Assets.xcassets"; sourceTree = "<group>"; };
		3186E4182960703200AD41C7 /* Persistence.swift */ = {isa = PBXFileReference; lastKnownFileType = sourcecode.swift; path = Persistence.swift; sourceTree = "<group>"; };
		3186E41B2960703200AD41C7 /* ToDoListApp.xcdatamodel */ = {isa = PBXFileReference; lastKnownFileType = wrapper.xcdatamodel; path = ToDoListApp.xcdatamodel; sourceTree = "<group>"; };
		3186E41D2960703200AD41C7 /* Info.plist */ = {isa = PBXFileReference; lastKnownFileType = text.plist.xml; path = Info.plist; sourceTree = "<group>"; };
		3186E4232960738900AD41C7 /* FloatingButton.swift */ = {isa = PBXFileReference; lastKnownFileType = sourcecode.swift; path = FloatingButton.swift; sourceTree = "<group>"; };
		3186E426296073F000AD41C7 /* TaskEditView.swift */ = {isa = PBXFileReference; lastKnownFileType = sourcecode.swift; path = TaskEditView.swift; sourceTree = "<group>"; };
		3186E4282960941400AD41C7 /* DateHolder.swift */ = {isa = PBXFileReference; lastKnownFileType = sourcecode.swift; path = DateHolder.swift; sourceTree = "<group>"; };
		3186E42A2960992D00AD41C7 /* TaskCell.swift */ = {isa = PBXFileReference; lastKnownFileType = sourcecode.swift; path = TaskCell.swift; sourceTree = "<group>"; };
		3186E42C29609CFF00AD41C7 /* CheckBoxView.swift */ = {isa = PBXFileReference; lastKnownFileType = sourcecode.swift; path = CheckBoxView.swift; sourceTree = "<group>"; };
		3186E43129609E5E00AD41C7 /* TaskItemExtension.swift */ = {isa = PBXFileReference; lastKnownFileType = sourcecode.swift; path = TaskItemExtension.swift; sourceTree = "<group>"; };
		3186E4332960B43500AD41C7 /* DateScroller.swift */ = {isa = PBXFileReference; lastKnownFileType = sourcecode.swift; path = DateScroller.swift; sourceTree = "<group>"; };
		3186E4352960C15D00AD41C7 /* TaskFilter.swift */ = {isa = PBXFileReference; lastKnownFileType = sourcecode.swift; path = TaskFilter.swift; sourceTree = "<group>"; };
		3186E4372960E9A200AD41C7 /* Launch Screen.storyboard */ = {isa = PBXFileReference; lastKnownFileType = file.storyboard; path = "Launch Screen.storyboard"; sourceTree = "<group>"; };
/* End PBXFileReference section */

/* Begin PBXFrameworksBuildPhase section */
		3186E4092960703000AD41C7 /* Frameworks */ = {
			isa = PBXFrameworksBuildPhase;
			buildActionMask = 2147483647;
			files = (
			);
			runOnlyForDeploymentPostprocessing = 0;
		};
/* End PBXFrameworksBuildPhase section */

/* Begin PBXGroup section */
		3186E4032960703000AD41C7 = {
			isa = PBXGroup;
			children = (
				3186E40E2960703000AD41C7 /* Do-Do-Day */,
				3186E40D2960703000AD41C7 /* Products */,
			);
			sourceTree = "<group>";
		};
		3186E40D2960703000AD41C7 /* Products */ = {
			isa = PBXGroup;
			children = (
				3186E40C2960703000AD41C7 /* Do-Do-Day.app */,
			);
			name = Products;
			sourceTree = "<group>";
		};
		3186E40E2960703000AD41C7 /* Do-Do-Day */ = {
			isa = PBXGroup;
			children = (
				3186E42E29609DFC00AD41C7 /* Model */,
				3186E40F2960703000AD41C7 /* ToDoListAppApp.swift */,
				3186E425296073D500AD41C7 /* Views */,
				3186E4132960703200AD41C7 /* Assets.xcassets */,
				3186E41D2960703200AD41C7 /* Info.plist */,
				3186E41A2960703200AD41C7 /* ToDoListApp.xcdatamodeld */,
				3186E4152960703200AD41C7 /* Preview Content */,
			);
			path = "Do-Do-Day";
			sourceTree = "<group>";
		};
		3186E4152960703200AD41C7 /* Preview Content */ = {
			isa = PBXGroup;
			children = (
				3186E4162960703200AD41C7 /* Preview Assets.xcassets */,
			);
			path = "Preview Content";
			sourceTree = "<group>";
		};
		3186E425296073D500AD41C7 /* Views */ = {
			isa = PBXGroup;
			children = (
				3186E4112960703000AD41C7 /* TaskListView.swift */,
				3186E4352960C15D00AD41C7 /* TaskFilter.swift */,
				3186E4332960B43500AD41C7 /* DateScroller.swift */,
				3186E42A2960992D00AD41C7 /* TaskCell.swift */,
				3186E42C29609CFF00AD41C7 /* CheckBoxView.swift */,
				3186E4232960738900AD41C7 /* FloatingButton.swift */,
				3186E426296073F000AD41C7 /* TaskEditView.swift */,
				3186E4372960E9A200AD41C7 /* Launch Screen.storyboard */,
			);
			path = Views;
			sourceTree = "<group>";
		};
		3186E42E29609DFC00AD41C7 /* Model */ = {
			isa = PBXGroup;
			children = (
				3186E4182960703200AD41C7 /* Persistence.swift */,
				3186E43129609E5E00AD41C7 /* TaskItemExtension.swift */,
				3186E4282960941400AD41C7 /* DateHolder.swift */,
			);
			path = Model;
			sourceTree = "<group>";
		};
/* End PBXGroup section */

/* Begin PBXNativeTarget section */
		3186E40B2960703000AD41C7 /* Do-Do-Day */ = {
			isa = PBXNativeTarget;
			buildConfigurationList = 3186E4202960703200AD41C7 /* Build configuration list for PBXNativeTarget "Do-Do-Day" */;
			buildPhases = (
				3186E4082960703000AD41C7 /* Sources */,
				3186E4092960703000AD41C7 /* Frameworks */,
				3186E40A2960703000AD41C7 /* Resources */,
			);
			buildRules = (
			);
			dependencies = (
			);
			name = "Do-Do-Day";
			productName = ToDoListApp;
			productReference = 3186E40C2960703000AD41C7 /* Do-Do-Day.app */;
			productType = "com.apple.product-type.application";
		};
/* End PBXNativeTarget section */

/* Begin PBXProject section */
		3186E4042960703000AD41C7 /* Project object */ = {
			isa = PBXProject;
			attributes = {
				BuildIndependentTargetsInParallel = 1;
				LastSwiftUpdateCheck = 1420;
				LastUpgradeCheck = 1420;
				TargetAttributes = {
					3186E40B2960703000AD41C7 = {
						CreatedOnToolsVersion = 14.2;
					};
				};
			};
			buildConfigurationList = 3186E4072960703000AD41C7 /* Build configuration list for PBXProject "Do-Do-Day" */;
			compatibilityVersion = "Xcode 14.0";
			developmentRegion = en;
			hasScannedForEncodings = 0;
			knownRegions = (
				en,
				Base,
			);
			mainGroup = 3186E4032960703000AD41C7;
			productRefGroup = 3186E40D2960703000AD41C7 /* Products */;
			projectDirPath = "";
			projectRoot = "";
			targets = (
				3186E40B2960703000AD41C7 /* Do-Do-Day */,
			);
		};
/* End PBXProject section */

/* Begin PBXResourcesBuildPhase section */
		3186E40A2960703000AD41C7 /* Resources */ = {
			isa = PBXResourcesBuildPhase;
			buildActionMask = 2147483647;
			files = (
				3186E4382960E9A200AD41C7 /* Launch Screen.storyboard in Resources */,
				3186E4172960703200AD41C7 /* Preview Assets.xcassets in Resources */,
				3186E4142960703200AD41C7 /* Assets.xcassets in Resources */,
			);
			runOnlyForDeploymentPostprocessing = 0;
		};
/* End PBXResourcesBuildPhase section */

/* Begin PBXSourcesBuildPhase section */
		3186E4082960703000AD41C7 /* Sources */ = {
			isa = PBXSourcesBuildPhase;
			buildActionMask = 2147483647;
			files = (
				3186E4292960941400AD41C7 /* DateHolder.swift in Sources */,
				3186E43229609E5E00AD41C7 /* TaskItemExtension.swift in Sources */,
				3186E4192960703200AD41C7 /* Persistence.swift in Sources */,
				3186E4122960703000AD41C7 /* TaskListView.swift in Sources */,
				3186E4362960C15D00AD41C7 /* TaskFilter.swift in Sources */,
				3186E4242960738900AD41C7 /* FloatingButton.swift in Sources */,
				3186E42D29609CFF00AD41C7 /* CheckBoxView.swift in Sources */,
				3186E42B2960992D00AD41C7 /* TaskCell.swift in Sources */,
				3186E4342960B43500AD41C7 /* DateScroller.swift in Sources */,
				3186E427296073F000AD41C7 /* TaskEditView.swift in Sources */,
				3186E4102960703000AD41C7 /* ToDoListAppApp.swift in Sources */,
				3186E41C2960703200AD41C7 /* ToDoListApp.xcdatamodeld in Sources */,
			);
			runOnlyForDeploymentPostprocessing = 0;
		};
/* End PBXSourcesBuildPhase section */

/* Begin XCBuildConfiguration section */
		3186E41E2960703200AD41C7 /* Debug */ = {
			isa = XCBuildConfiguration;
			buildSettings = {
				ALWAYS_SEARCH_USER_PATHS = NO;
				CLANG_ANALYZER_NONNULL = YES;
				CLANG_ANALYZER_NUMBER_OBJECT_CONVERSION = YES_AGGRESSIVE;
				CLANG_CXX_LANGUAGE_STANDARD = "gnu++20";
				CLANG_ENABLE_MODULES = YES;
				CLANG_ENABLE_OBJC_ARC = YES;
				CLANG_ENABLE_OBJC_WEAK = YES;
				CLANG_WARN_BLOCK_CAPTURE_AUTORELEASING = YES;
				CLANG_WARN_BOOL_CONVERSION = YES;
				CLANG_WARN_COMMA = YES;
				CLANG_WARN_CONSTANT_CONVERSION = YES;
				CLANG_WARN_DEPRECATED_OBJC_IMPLEMENTATIONS = YES;
				CLANG_WARN_DIRECT_OBJC_ISA_USAGE = YES_ERROR;
				CLANG_WARN_DOCUMENTATION_COMMENTS = YES;
				CLANG_WARN_EMPTY_BODY = YES;
				CLANG_WARN_ENUM_CONVERSION = YES;
				CLANG_WARN_INFINITE_RECURSION = YES;
				CLANG_WARN_INT_CONVERSION = YES;
				CLANG_WARN_NON_LITERAL_NULL_CONVERSION = YES;
				CLANG_WARN_OBJC_IMPLICIT_RETAIN_SELF = YES;
				CLANG_WARN_OBJC_LITERAL_CONVERSION = YES;
				CLANG_WARN_OBJC_ROOT_CLASS = YES_ERROR;
				CLANG_WARN_QUOTED_INCLUDE_IN_FRAMEWORK_HEADER = YES;
				CLANG_WARN_RANGE_LOOP_ANALYSIS = YES;
				CLANG_WARN_STRICT_PROTOTYPES = YES;
				CLANG_WARN_SUSPICIOUS_MOVE = YES;
				CLANG_WARN_UNGUARDED_AVAILABILITY = YES_AGGRESSIVE;
				CLANG_WARN_UNREACHABLE_CODE = YES;
				CLANG_WARN__DUPLICATE_METHOD_MATCH = YES;
				COPY_PHASE_STRIP = NO;
				DEBUG_INFORMATION_FORMAT = dwarf;
				ENABLE_STRICT_OBJC_MSGSEND = YES;
				ENABLE_TESTABILITY = YES;
				GCC_C_LANGUAGE_STANDARD = gnu11;
				GCC_DYNAMIC_NO_PIC = NO;
				GCC_NO_COMMON_BLOCKS = YES;
				GCC_OPTIMIZATION_LEVEL = 0;
				GCC_PREPROCESSOR_DEFINITIONS = (
					"DEBUG=1",
					"$(inherited)",
				);
				GCC_WARN_64_TO_32_BIT_CONVERSION = YES;
				GCC_WARN_ABOUT_RETURN_TYPE = YES_ERROR;
				GCC_WARN_UNDECLARED_SELECTOR = YES;
				GCC_WARN_UNINITIALIZED_AUTOS = YES_AGGRESSIVE;
				GCC_WARN_UNUSED_FUNCTION = YES;
				GCC_WARN_UNUSED_VARIABLE = YES;
				IPHONEOS_DEPLOYMENT_TARGET = 15.0;
				MTL_ENABLE_DEBUG_INFO = INCLUDE_SOURCE;
				MTL_FAST_MATH = YES;
				ONLY_ACTIVE_ARCH = YES;
				SDKROOT = iphoneos;
				SWIFT_ACTIVE_COMPILATION_CONDITIONS = DEBUG;
				SWIFT_OPTIMIZATION_LEVEL = "-Onone";
			};
			name = Debug;
		};
		3186E41F2960703200AD41C7 /* Release */ = {
			isa = XCBuildConfiguration;
			buildSettings = {
				ALWAYS_SEARCH_USER_PATHS = NO;
				CLANG_ANALYZER_NONNULL = YES;
				CLANG_ANALYZER_NUMBER_OBJECT_CONVERSION = YES_AGGRESSIVE;
				CLANG_CXX_LANGUAGE_STANDARD = "gnu++20";
				CLANG_ENABLE_MODULES = YES;
				CLANG_ENABLE_OBJC_ARC = YES;
				CLANG_ENABLE_OBJC_WEAK = YES;
				CLANG_WARN_BLOCK_CAPTURE_AUTORELEASING = YES;
				CLANG_WARN_BOOL_CONVERSION = YES;
				CLANG_WARN_COMMA = YES;
				CLANG_WARN_CONSTANT_CONVERSION = YES;
				CLANG_WARN_DEPRECATED_OBJC_IMPLEMENTATIONS = YES;
				CLANG_WARN_DIRECT_OBJC_ISA_USAGE = YES_ERROR;
				CLANG_WARN_DOCUMENTATION_COMMENTS = YES;
				CLANG_WARN_EMPTY_BODY = YES;
				CLANG_WARN_ENUM_CONVERSION = YES;
				CLANG_WARN_INFINITE_RECURSION = YES;
				CLANG_WARN_INT_CONVERSION = YES;
				CLANG_WARN_NON_LITERAL_NULL_CONVERSION = YES;
				CLANG_WARN_OBJC_IMPLICIT_RETAIN_SELF = YES;
				CLANG_WARN_OBJC_LITERAL_CONVERSION = YES;
				CLANG_WARN_OBJC_ROOT_CLASS = YES_ERROR;
				CLANG_WARN_QUOTED_INCLUDE_IN_FRAMEWORK_HEADER = YES;
				CLANG_WARN_RANGE_LOOP_ANALYSIS = YES;
				CLANG_WARN_STRICT_PROTOTYPES = YES;
				CLANG_WARN_SUSPICIOUS_MOVE = YES;
				CLANG_WARN_UNGUARDED_AVAILABILITY = YES_AGGRESSIVE;
				CLANG_WARN_UNREACHABLE_CODE = YES;
				CLANG_WARN__DUPLICATE_METHOD_MATCH = YES;
				COPY_PHASE_STRIP = NO;
				DEBUG_INFORMATION_FORMAT = "dwarf-with-dsym";
				ENABLE_NS_ASSERTIONS = NO;
				ENABLE_STRICT_OBJC_MSGSEND = YES;
				GCC_C_LANGUAGE_STANDARD = gnu11;
				GCC_NO_COMMON_BLOCKS = YES;
				GCC_WARN_64_TO_32_BIT_CONVERSION = YES;
				GCC_WARN_ABOUT_RETURN_TYPE = YES_ERROR;
				GCC_WARN_UNDECLARED_SELECTOR = YES;
				GCC_WARN_UNINITIALIZED_AUTOS = YES_AGGRESSIVE;
				GCC_WARN_UNUSED_FUNCTION = YES;
				GCC_WARN_UNUSED_VARIABLE = YES;
				IPHONEOS_DEPLOYMENT_TARGET = 15.0;
				MTL_ENABLE_DEBUG_INFO = NO;
				MTL_FAST_MATH = YES;
				SDKROOT = iphoneos;
				SWIFT_COMPILATION_MODE = wholemodule;
				SWIFT_OPTIMIZATION_LEVEL = "-O";
				VALIDATE_PRODUCT = YES;
			};
			name = Release;
		};
		3186E4212960703200AD41C7 /* Debug */ = {
			isa = XCBuildConfiguration;
			buildSettings = {
				ASSETCATALOG_COMPILER_APPICON_NAME = AppIcon;
				ASSETCATALOG_COMPILER_GLOBAL_ACCENT_COLOR_NAME = AccentColor;
				CODE_SIGN_STYLE = Automatic;
				CURRENT_PROJECT_VERSION = 1;
				DEVELOPMENT_ASSET_PATHS = "\"Do-Do-Day/Preview Content\"";
				DEVELOPMENT_TEAM = 26A86F2569;
				ENABLE_PREVIEWS = YES;
				GENERATE_INFOPLIST_FILE = YES;
				INFOPLIST_KEY_CFBundleDisplayName = "Do-Do-Day";
				INFOPLIST_KEY_UIApplicationSceneManifest_Generation = YES;
				INFOPLIST_KEY_UIApplicationSupportsIndirectInputEvents = YES;
				INFOPLIST_KEY_UILaunchScreen_Generation = YES;
				INFOPLIST_KEY_UILaunchStoryboardName = "Launch Screen.storyboard";
				INFOPLIST_KEY_UISupportedInterfaceOrientations_iPad = "UIInterfaceOrientationPortrait UIInterfaceOrientationPortraitUpsideDown UIInterfaceOrientationLandscapeLeft UIInterfaceOrientationLandscapeRight";
				INFOPLIST_KEY_UISupportedInterfaceOrientations_iPhone = "UIInterfaceOrientationPortrait UIInterfaceOrientationLandscapeLeft UIInterfaceOrientationLandscapeRight";
				IPHONEOS_DEPLOYMENT_TARGET = 15.0;
				LD_RUNPATH_SEARCH_PATHS = (
					"$(inherited)",
					"@executable_path/Frameworks",
				);
				MARKETING_VERSION = 1.0;
				PRODUCT_BUNDLE_IDENTIFIER = "https---github.com-daviddelgadol.Do-Do-Day";
				PRODUCT_NAME = "$(TARGET_NAME)";
				SWIFT_EMIT_LOC_STRINGS = YES;
				SWIFT_VERSION = 5.0;
				TARGETED_DEVICE_FAMILY = "1,2";
			};
			name = Debug;
		};
		3186E4222960703200AD41C7 /* Release */ = {
			isa = XCBuildConfiguration;
			buildSettings = {
				ASSETCATALOG_COMPILER_APPICON_NAME = AppIcon;
				ASSETCATALOG_COMPILER_GLOBAL_ACCENT_COLOR_NAME = AccentColor;
				CODE_SIGN_STYLE = Automatic;
				CURRENT_PROJECT_VERSION = 1;
				DEVELOPMENT_ASSET_PATHS = "\"Do-Do-Day/Preview Content\"";
				DEVELOPMENT_TEAM = 26A86F2569;
				ENABLE_PREVIEWS = YES;
				GENERATE_INFOPLIST_FILE = YES;
				INFOPLIST_KEY_CFBundleDisplayName = "Do-Do-Day";
				INFOPLIST_KEY_UIApplicationSceneManifest_Generation = YES;
				INFOPLIST_KEY_UIApplicationSupportsIndirectInputEvents = YES;
				INFOPLIST_KEY_UILaunchScreen_Generation = YES;
				INFOPLIST_KEY_UILaunchStoryboardName = "Launch Screen.storyboard";
				INFOPLIST_KEY_UISupportedInterfaceOrientations_iPad = "UIInterfaceOrientationPortrait UIInterfaceOrientationPortraitUpsideDown UIInterfaceOrientationLandscapeLeft UIInterfaceOrientationLandscapeRight";
				INFOPLIST_KEY_UISupportedInterfaceOrientations_iPhone = "UIInterfaceOrientationPortrait UIInterfaceOrientationLandscapeLeft UIInterfaceOrientationLandscapeRight";
				IPHONEOS_DEPLOYMENT_TARGET = 15.0;
				LD_RUNPATH_SEARCH_PATHS = (
					"$(inherited)",
					"@executable_path/Frameworks",
				);
				MARKETING_VERSION = 1.0;
				PRODUCT_BUNDLE_IDENTIFIER = "https---github.com-daviddelgadol.Do-Do-Day";
				PRODUCT_NAME = "$(TARGET_NAME)";
				SWIFT_EMIT_LOC_STRINGS = YES;
				SWIFT_VERSION = 5.0;
				TARGETED_DEVICE_FAMILY = "1,2";
			};
			name = Release;
		};
/* End XCBuildConfiguration section */

/* Begin XCConfigurationList section */
		3186E4072960703000AD41C7 /* Build configuration list for PBXProject "Do-Do-Day" */ = {
			isa = XCConfigurationList;
			buildConfigurations = (
				3186E41E2960703200AD41C7 /* Debug */,
				3186E41F2960703200AD41C7 /* Release */,
			);
			defaultConfigurationIsVisible = 0;
			defaultConfigurationName = Release;
		};
		3186E4202960703200AD41C7 /* Build configuration list for PBXNativeTarget "Do-Do-Day" */ = {
			isa = XCConfigurationList;
			buildConfigurations = (
				3186E4212960703200AD41C7 /* Debug */,
				3186E4222960703200AD41C7 /* Release */,
			);
			defaultConfigurationIsVisible = 0;
			defaultConfigurationName = Release;
		};
/* End XCConfigurationList section */

/* Begin XCVersionGroup section */
		3186E41A2960703200AD41C7 /* ToDoListApp.xcdatamodeld */ = {
			isa = XCVersionGroup;
			children = (
				3186E41B2960703200AD41C7 /* ToDoListApp.xcdatamodel */,
			);
			currentVersion = 3186E41B2960703200AD41C7 /* ToDoListApp.xcdatamodel */;
			path = ToDoListApp.xcdatamodeld;
			sourceTree = "<group>";
			versionGroupType = wrapper.xcdatamodel;
		};
/* End XCVersionGroup section */
	};
	rootObject = 3186E4042960703000AD41C7 /* Project object */;
}
